
Microsoft Visual Studio Solution File, Format Version 12.00
# Visual Studio Version 17
VisualStudioVersion = 17.3.32929.385
MinimumVisualStudioVersion = 10.0.40219.1
Project("{9A19103F-16F7-4668-BE54-9A1E7A4F7556}") = "UKParliament.CodeTest.Services", "UKParliament.CodeTest.Services\UKParliament.CodeTest.Services.csproj", "{3E5D1C30-EC3D-4CF6-87FA-995800ABBB12}"
EndProject
Project("{9A19103F-16F7-4668-BE54-9A1E7A4F7556}") = "UKParliament.CodeTest.Web", "UKParliament.CodeTest.Web\UKParliament.CodeTest.Web.csproj", "{75165423-4212-4E84-B26F-DB3CAE8E105D}"
EndProject
Project("{9A19103F-16F7-4668-BE54-9A1E7A4F7556}") = "UKParliament.CodeTest.Tests", "UKParliament.CodeTest.Tests\UKParliament.CodeTest.Tests.csproj", "{B8680830-074F-452B-BDBC-59F7964A6B17}"
EndProject
Project("{9A19103F-16F7-4668-BE54-9A1E7A4F7556}") = "UKParliament.CodeTest.Data", "UKParliament.CodeTest.Data\UKParliament.CodeTest.Data.csproj", "{20AF84AD-3FE8-454C-9338-FEA520E9FF2C}"
EndProject
Global
	GlobalSection(SolutionConfigurationPlatforms) = preSolution
		Debug|Any CPU = Debug|Any CPU
		Release|Any CPU = Release|Any CPU
	EndGlobalSection
	GlobalSection(ProjectConfigurationPlatforms) = postSolution
		{3E5D1C30-EC3D-4CF6-87FA-995800ABBB12}.Debug|Any CPU.ActiveCfg = Debug|Any CPU
		{3E5D1C30-EC3D-4CF6-87FA-995800ABBB12}.Debug|Any CPU.Build.0 = Debug|Any CPU
		{3E5D1C30-EC3D-4CF6-87FA-995800ABBB12}.Release|Any CPU.ActiveCfg = Release|Any CPU
		{3E5D1C30-EC3D-4CF6-87FA-995800ABBB12}.Release|Any CPU.Build.0 = Release|Any CPU
		{75165423-4212-4E84-B26F-DB3CAE8E105D}.Debug|Any CPU.ActiveCfg = Debug|Any CPU
		{75165423-4212-4E84-B26F-DB3CAE8E105D}.Debug|Any CPU.Build.0 = Debug|Any CPU
		{75165423-4212-4E84-B26F-DB3CAE8E105D}.Release|Any CPU.ActiveCfg = Release|Any CPU
		{75165423-4212-4E84-B26F-DB3CAE8E105D}.Release|Any CPU.Build.0 = Release|Any CPU
		{B8680830-074F-452B-BDBC-59F7964A6B17}.Debug|Any CPU.ActiveCfg = Debug|Any CPU
		{B8680830-074F-452B-BDBC-59F7964A6B17}.Debug|Any CPU.Build.0 = Debug|Any CPU
		{B8680830-074F-452B-BDBC-59F7964A6B17}.Release|Any CPU.ActiveCfg = Release|Any CPU
		{B8680830-074F-452B-BDBC-59F7964A6B17}.Release|Any CPU.Build.0 = Release|Any CPU
		{20AF84AD-3FE8-454C-9338-FEA520E9FF2C}.Debug|Any CPU.ActiveCfg = Debug|Any CPU
		{20AF84AD-3FE8-454C-9338-FEA520E9FF2C}.Debug|Any CPU.Build.0 = Debug|Any CPU
		{20AF84AD-3FE8-454C-9338-FEA520E9FF2C}.Release|Any CPU.ActiveCfg = Release|Any CPU
		{20AF84AD-3FE8-454C-9338-FEA520E9FF2C}.Release|Any CPU.Build.0 = Release|Any CPU
	EndGlobalSection
	GlobalSection(SolutionProperties) = preSolution
		HideSolutionNode = FALSE
	EndGlobalSection
	GlobalSection(ExtensibilityGlobals) = postSolution
		SolutionGuid = {B3BA769F-8BCD-4B34-B4BC-ECCCD848D3A1}
	EndGlobalSection
EndGlobal
